# This is a Gradle generated file for dependency locking.
# Manual edits can break the build and are not advised.
# This file is expected to be part of source control.
org.sonarqube:org.sonarqube.gradle.plugin:7.5.0.8588=classpath
org.sonarsource.scanner.gradle:sonarqube-gradle-plugin:7.5.0.8588=classpath
org.sonarsource.scanner.lib:sonar-scanner-java-library-shaded:4.2.1.1698=classpath
empty=
