# This is a Gradle generated file for dependency locking.
# Manual edits can break the build and are not advised.
# This file is expected to be part of source control.
com.googlecode.javaewah:JavaEWAH:1.1.6
com.jcraft:jsch:0.1.55
com.jcraft:jzlib:1.1.1
commons-io:commons-io:2.6
io.netty:netty-buffer:4.1.32.Final
io.netty:netty-codec:4.1.32.Final
io.netty:netty-common:4.1.32.Final
io.netty:netty-handler:4.1.32.Final
io.netty:netty-resolver:4.1.32.Final
io.netty:netty-transport:4.1.32.Final
io.projectreactor:reactor-core:3.2.5.RELEASE
junit:junit:4.12
net.bytebuddy:byte-buddy-agent:1.9.7
net.bytebuddy:byte-buddy:1.9.7
net.i2p.crypto:eddsa:0.3.0
org.apache.sshd:apache-sshd:2.2.0
org.apache.sshd:sshd-cli:2.2.0
org.apache.sshd:sshd-common:2.2.0
org.apache.sshd:sshd-contrib:2.2.0
org.apache.sshd:sshd-core:2.2.0
org.apache.sshd:sshd-git:2.2.0
org.apache.sshd:sshd-ldap:2.2.0
org.apache.sshd:sshd-netty:2.2.0
org.apache.sshd:sshd-openpgp:2.2.0
org.apache.sshd:sshd-osgi:2.2.0
org.apache.sshd:sshd-putty:2.2.0
org.apache.sshd:sshd-scp:2.2.0
org.apache.sshd:sshd-sftp:2.2.0
org.apache.sshd:sshd-spring-sftp:2.2.0
org.bouncycastle:bcpg-jdk15on:1.60
org.bouncycastle:bcpkix-jdk15on:1.60
org.bouncycastle:bcprov-jdk15on:1.60
org.c02e.jpgpj:jpgpj:0.5
org.eclipse.jgit:org.eclipse.jgit:5.2.1.201812262042-r
org.hamcrest:hamcrest-core:1.3
org.mockito:mockito-core:2.24.5
org.objenesis:objenesis:2.6
org.reactivestreams:reactive-streams:1.0.2
org.slf4j:jcl-over-slf4j:1.7.25
org.slf4j:slf4j-api:1.7.26
org.springframework.integration:spring-integration-core:5.1.2.RELEASE
org.springframework.integration:spring-integration-file:5.1.2.RELEASE
org.springframework.retry:spring-retry:1.2.2.RELEASE
org.springframework:spring-aop:5.1.4.RELEASE
org.springframework:spring-beans:5.1.4.RELEASE
org.springframework:spring-context:5.1.4.RELEASE
org.springframework:spring-core:5.1.4.RELEASE
org.springframework:spring-expression:5.1.4.RELEASE
org.springframework:spring-jcl:5.1.4.RELEASE
org.springframework:spring-messaging:5.1.4.RELEASE
org.springframework:spring-tx:5.1.4.RELEASE
tomcat:tomcat-apr:5.5.23
